
Microsoft Visual Studio Solution File, Format Version 12.00
# Visual Studio Version 17
VisualStudioVersion = 17.7.34024.191
MinimumVisualStudioVersion = 10.0.40219.1
Project("{FAE04EC0-301F-11D3-BF4B-00C04F79EFBC}") = "OpenAIPOS", "OpenAIPOS\OpenAIPOS.csproj", "{DCD914F7-4F38-495E-B171-93336B9EE784}"
EndProject
Global
	GlobalSection(SolutionConfigurationPlatforms) = preSolution
		Debug|Any CPU = Debug|Any CPU
		Release|Any CPU = Release|Any CPU
	EndGlobalSection
	GlobalSection(ProjectConfigurationPlatforms) = postSolution
		{DCD914F7-4F38-495E-B171-93336B9EE784}.Debug|Any CPU.ActiveCfg = Debug|Any CPU
		{DCD914F7-4F38-495E-B171-93336B9EE784}.Debug|Any CPU.Build.0 = Debug|Any CPU
		{DCD914F7-4F38-495E-B171-93336B9EE784}.Release|Any CPU.ActiveCfg = Release|Any CPU
		{DCD914F7-4F38-495E-B171-93336B9EE784}.Release|Any CPU.Build.0 = Release|Any CPU
	EndGlobalSection
	GlobalSection(SolutionProperties) = preSolution
		HideSolutionNode = FALSE
	EndGlobalSection
	GlobalSection(ExtensibilityGlobals) = postSolution
		SolutionGuid = {D96EF06F-1647-4701-994B-3445C4A8E291}
	EndGlobalSection
EndGlobal
